
Microsoft Visual Studio Solution File, Format Version 12.00
# Visual Studio 2013
VisualStudioVersion = 12.0.31101.0
MinimumVisualStudioVersion = 10.0.40219.1
Project("{2150E333-8FDC-42A3-9474-1A3956D46DE8}") = "Code", "Code", "{72220727-6048-47FE-B14F-90C94A45F98D}"
EndProject
Project("{2150E333-8FDC-42A3-9474-1A3956D46DE8}") = "Lib", "Lib", "{E6D5A337-BEF1-44A7-A7BB-4166E3507377}"
EndProject
Project("{2150E333-8FDC-42A3-9474-1A3956D46DE8}") = ".nuget", ".nuget", "{3B6B9154-BC1A-4E2E-A013-58FA8A13426C}"
	ProjectSection(SolutionItems) = preProject
		.nuget\packages.config = .nuget\packages.config
	EndProjectSection
EndProject
Project("{FAE04EC0-301F-11D3-BF4B-00C04F79EFBC}") = "Peacock.PEP.WeChat.Service", "Peacock.PEP.WeChat.Service\Peacock.PEP.WeChat.Service.csproj", "{3610759F-14F6-4062-9ED5-A630C6C45616}"
EndProject
Project("{FAE04EC0-301F-11D3-BF4B-00C04F79EFBC}") = "Peacock.PEP.WeChat.Web", "Peacock.PEP.WeChat.Web\Peacock.PEP.WeChat.Web.csproj", "{F919FA36-3F91-4CEB-895A-74E7A2694B2E}"
EndProject
Project("{FAE04EC0-301F-11D3-BF4B-00C04F79EFBC}") = "Peacock.Common", "Peacock.Common\Peacock.Common.csproj", "{77CC02C7-5637-4890-8FA2-47E6C342CDD8}"
EndProject
Project("{FAE04EC0-301F-11D3-BF4B-00C04F79EFBC}") = "Peacock.PEP.WeChat.Model", "Peacock.PEP.WeChat.Model\Peacock.PEP.WeChat.Model.csproj", "{D428B763-3255-45BF-B66D-97CA6986C75A}"
EndProject
Global
	GlobalSection(SolutionConfigurationPlatforms) = preSolution
		Debug|Any CPU = Debug|Any CPU
		Debug|Mixed Platforms = Debug|Mixed Platforms
		Debug|x86 = Debug|x86
		Release|Any CPU = Release|Any CPU
		Release|Mixed Platforms = Release|Mixed Platforms
		Release|x86 = Release|x86
	EndGlobalSection
	GlobalSection(ProjectConfigurationPlatforms) = postSolution
		{3610759F-14F6-4062-9ED5-A630C6C45616}.Debug|Any CPU.ActiveCfg = Debug|Any CPU
		{3610759F-14F6-4062-9ED5-A630C6C45616}.Debug|Any CPU.Build.0 = Debug|Any CPU
		{3610759F-14F6-4062-9ED5-A630C6C45616}.Debug|Mixed Platforms.ActiveCfg = Debug|Any CPU
		{3610759F-14F6-4062-9ED5-A630C6C45616}.Debug|Mixed Platforms.Build.0 = Debug|Any CPU
		{3610759F-14F6-4062-9ED5-A630C6C45616}.Debug|x86.ActiveCfg = Debug|Any CPU
		{3610759F-14F6-4062-9ED5-A630C6C45616}.Release|Any CPU.ActiveCfg = Release|Any CPU
		{3610759F-14F6-4062-9ED5-A630C6C45616}.Release|Any CPU.Build.0 = Release|Any CPU
		{3610759F-14F6-4062-9ED5-A630C6C45616}.Release|Mixed Platforms.ActiveCfg = Release|Any CPU
		{3610759F-14F6-4062-9ED5-A630C6C45616}.Release|Mixed Platforms.Build.0 = Release|Any CPU
		{3610759F-14F6-4062-9ED5-A630C6C45616}.Release|x86.ActiveCfg = Release|Any CPU
		{F919FA36-3F91-4CEB-895A-74E7A2694B2E}.Debug|Any CPU.ActiveCfg = Debug|Any CPU
		{F919FA36-3F91-4CEB-895A-74E7A2694B2E}.Debug|Any CPU.Build.0 = Debug|Any CPU
		{F919FA36-3F91-4CEB-895A-74E7A2694B2E}.Debug|Mixed Platforms.ActiveCfg = Debug|Any CPU
		{F919FA36-3F91-4CEB-895A-74E7A2694B2E}.Debug|Mixed Platforms.Build.0 = Debug|Any CPU
		{F919FA36-3F91-4CEB-895A-74E7A2694B2E}.Debug|x86.ActiveCfg = Debug|Any CPU
		{F919FA36-3F91-4CEB-895A-74E7A2694B2E}.Release|Any CPU.ActiveCfg = Release|Any CPU
		{F919FA36-3F91-4CEB-895A-74E7A2694B2E}.Release|Any CPU.Build.0 = Release|Any CPU
		{F919FA36-3F91-4CEB-895A-74E7A2694B2E}.Release|Mixed Platforms.ActiveCfg = Release|Any CPU
		{F919FA36-3F91-4CEB-895A-74E7A2694B2E}.Release|Mixed Platforms.Build.0 = Release|Any CPU
		{F919FA36-3F91-4CEB-895A-74E7A2694B2E}.Release|x86.ActiveCfg = Release|Any CPU
		{77CC02C7-5637-4890-8FA2-47E6C342CDD8}.Debug|Any CPU.ActiveCfg = Debug|Any CPU
		{77CC02C7-5637-4890-8FA2-47E6C342CDD8}.Debug|Any CPU.Build.0 = Debug|Any CPU
		{77CC02C7-5637-4890-8FA2-47E6C342CDD8}.Debug|Mixed Platforms.ActiveCfg = Debug|Any CPU
		{77CC02C7-5637-4890-8FA2-47E6C342CDD8}.Debug|Mixed Platforms.Build.0 = Debug|Any CPU
		{77CC02C7-5637-4890-8FA2-47E6C342CDD8}.Debug|x86.ActiveCfg = Debug|Any CPU
		{77CC02C7-5637-4890-8FA2-47E6C342CDD8}.Release|Any CPU.ActiveCfg = Release|Any CPU
		{77CC02C7-5637-4890-8FA2-47E6C342CDD8}.Release|Any CPU.Build.0 = Release|Any CPU
		{77CC02C7-5637-4890-8FA2-47E6C342CDD8}.Release|Mixed Platforms.ActiveCfg = Release|Any CPU
		{77CC02C7-5637-4890-8FA2-47E6C342CDD8}.Release|Mixed Platforms.Build.0 = Release|Any CPU
		{77CC02C7-5637-4890-8FA2-47E6C342CDD8}.Release|x86.ActiveCfg = Release|Any CPU
		{D428B763-3255-45BF-B66D-97CA6986C75A}.Debug|Any CPU.ActiveCfg = Debug|Any CPU
		{D428B763-3255-45BF-B66D-97CA6986C75A}.Debug|Any CPU.Build.0 = Debug|Any CPU
		{D428B763-3255-45BF-B66D-97CA6986C75A}.Debug|Mixed Platforms.ActiveCfg = Debug|Any CPU
		{D428B763-3255-45BF-B66D-97CA6986C75A}.Debug|Mixed Platforms.Build.0 = Debug|Any CPU
		{D428B763-3255-45BF-B66D-97CA6986C75A}.Debug|x86.ActiveCfg = Debug|Any CPU
		{D428B763-3255-45BF-B66D-97CA6986C75A}.Release|Any CPU.ActiveCfg = Release|Any CPU
		{D428B763-3255-45BF-B66D-97CA6986C75A}.Release|Any CPU.Build.0 = Release|Any CPU
		{D428B763-3255-45BF-B66D-97CA6986C75A}.Release|Mixed Platforms.ActiveCfg = Release|Any CPU
		{D428B763-3255-45BF-B66D-97CA6986C75A}.Release|Mixed Platforms.Build.0 = Release|Any CPU
		{D428B763-3255-45BF-B66D-97CA6986C75A}.Release|x86.ActiveCfg = Release|Any CPU
	EndGlobalSection
	GlobalSection(SolutionProperties) = preSolution
		HideSolutionNode = FALSE
	EndGlobalSection
	GlobalSection(NestedProjects) = preSolution
		{3610759F-14F6-4062-9ED5-A630C6C45616} = {72220727-6048-47FE-B14F-90C94A45F98D}
		{F919FA36-3F91-4CEB-895A-74E7A2694B2E} = {72220727-6048-47FE-B14F-90C94A45F98D}
		{77CC02C7-5637-4890-8FA2-47E6C342CDD8} = {72220727-6048-47FE-B14F-90C94A45F98D}
		{D428B763-3255-45BF-B66D-97CA6986C75A} = {72220727-6048-47FE-B14F-90C94A45F98D}
	EndGlobalSection
	GlobalSection(TestCaseManagementSettings) = postSolution
		CategoryFile = Peacock.InWork1.vsmdi
	EndGlobalSection
EndGlobal
